
Microsoft Visual Studio Solution File, Format Version 12.00
# Visual Studio 2012
Project("{FAE04EC0-301F-11D3-BF4B-00C04F79EFBC}") = "LinQ", "LinQ\LinQ.csproj", "{252C09C3-32A6-4C31-8389-C51BF55C8D1E}"
EndProject
Project("{FAE04EC0-301F-11D3-BF4B-00C04F79EFBC}") = "BLL", "BLL\BLL.csproj", "{645A82DB-BCE8-4F4A-8923-04899F4FA222}"
EndProject
Project("{FAE04EC0-301F-11D3-BF4B-00C04F79EFBC}") = "DAL", "DAL\DAL.csproj", "{27437E85-61E8-458A-B7C2-FA51A8C4227C}"
EndProject
Global
	GlobalSection(SolutionConfigurationPlatforms) = preSolution
		Debug|Any CPU = Debug|Any CPU
		Release|Any CPU = Release|Any CPU
	EndGlobalSection
	GlobalSection(ProjectConfigurationPlatforms) = postSolution
		{252C09C3-32A6-4C31-8389-C51BF55C8D1E}.Debug|Any CPU.ActiveCfg = Debug|Any CPU
		{252C09C3-32A6-4C31-8389-C51BF55C8D1E}.Debug|Any CPU.Build.0 = Debug|Any CPU
		{252C09C3-32A6-4C31-8389-C51BF55C8D1E}.Release|Any CPU.ActiveCfg = Release|Any CPU
		{252C09C3-32A6-4C31-8389-C51BF55C8D1E}.Release|Any CPU.Build.0 = Release|Any CPU
		{645A82DB-BCE8-4F4A-8923-04899F4FA222}.Debug|Any CPU.ActiveCfg = Debug|Any CPU
		{645A82DB-BCE8-4F4A-8923-04899F4FA222}.Debug|Any CPU.Build.0 = Debug|Any CPU
		{645A82DB-BCE8-4F4A-8923-04899F4FA222}.Release|Any CPU.ActiveCfg = Release|Any CPU
		{645A82DB-BCE8-4F4A-8923-04899F4FA222}.Release|Any CPU.Build.0 = Release|Any CPU
		{27437E85-61E8-458A-B7C2-FA51A8C4227C}.Debug|Any CPU.ActiveCfg = Debug|Any CPU
		{27437E85-61E8-458A-B7C2-FA51A8C4227C}.Debug|Any CPU.Build.0 = Debug|Any CPU
		{27437E85-61E8-458A-B7C2-FA51A8C4227C}.Release|Any CPU.ActiveCfg = Release|Any CPU
		{27437E85-61E8-458A-B7C2-FA51A8C4227C}.Release|Any CPU.Build.0 = Release|Any CPU
	EndGlobalSection
	GlobalSection(SolutionProperties) = preSolution
		HideSolutionNode = FALSE
	EndGlobalSection
EndGlobal
